
Microsoft Visual Studio Solution File, Format Version 12.00
# Visual Studio Version 17
VisualStudioVersion = 17.2.32630.192
MinimumVisualStudioVersion = 10.0.40219.1
Project("{FAE04EC0-301F-11D3-BF4B-00C04F79EFBC}") = "DataStructures-n-Algorithms", "DataStructures-n-Algorithms\DataStructures-n-Algorithms.csproj", "{FD64BAA0-1CB9-48D3-A81A-E998FC675EA6}"
EndProject
Global
	GlobalSection(SolutionConfigurationPlatforms) = preSolution
		Debug|Any CPU = Debug|Any CPU
		Release|Any CPU = Release|Any CPU
	EndGlobalSection
	GlobalSection(ProjectConfigurationPlatforms) = postSolution
		{FD64BAA0-1CB9-48D3-A81A-E998FC675EA6}.Debug|Any CPU.ActiveCfg = Debug|Any CPU
		{FD64BAA0-1CB9-48D3-A81A-E998FC675EA6}.Debug|Any CPU.Build.0 = Debug|Any CPU
		{FD64BAA0-1CB9-48D3-A81A-E998FC675EA6}.Release|Any CPU.ActiveCfg = Release|Any CPU
		{FD64BAA0-1CB9-48D3-A81A-E998FC675EA6}.Release|Any CPU.Build.0 = Release|Any CPU
	EndGlobalSection
	GlobalSection(SolutionProperties) = preSolution
		HideSolutionNode = FALSE
	EndGlobalSection
	GlobalSection(ExtensibilityGlobals) = postSolution
		SolutionGuid = {B617EA56-EA61-4DC4-9310-B152C98FA19F}
	EndGlobalSection
EndGlobal
